
Microsoft Visual Studio Solution File, Format Version 12.00
# Visual Studio Version 17
VisualStudioVersion = 17.8.34408.163
MinimumVisualStudioVersion = 10.0.40219.1
Project("{FAE04EC0-301F-11D3-BF4B-00C04F79EFBC}") = "Driver", "Driver.csproj", "{E8EE12E9-7C4C-4831-AD71-F3B3B249A35B}"
EndProject
Global
	GlobalSection(SolutionConfigurationPlatforms) = preSolution
		Debug|Any CPU = Debug|Any CPU
		Release|Any CPU = Release|Any CPU
	EndGlobalSection
	GlobalSection(ProjectConfigurationPlatforms) = postSolution
		{E8EE12E9-7C4C-4831-AD71-F3B3B249A35B}.Debug|Any CPU.ActiveCfg = Debug|Any CPU
		{E8EE12E9-7C4C-4831-AD71-F3B3B249A35B}.Debug|Any CPU.Build.0 = Debug|Any CPU
		{E8EE12E9-7C4C-4831-AD71-F3B3B249A35B}.Release|Any CPU.ActiveCfg = Release|Any CPU
		{E8EE12E9-7C4C-4831-AD71-F3B3B249A35B}.Release|Any CPU.Build.0 = Release|Any CPU
	EndGlobalSection
	GlobalSection(SolutionProperties) = preSolution
		HideSolutionNode = FALSE
	EndGlobalSection
	GlobalSection(ExtensibilityGlobals) = postSolution
		SolutionGuid = {83CFAE9F-8A99-4277-8732-D27E5403D0C5}
	EndGlobalSection
EndGlobal
